
Microsoft Visual Studio Solution File, Format Version 12.00
# Visual Studio Version 16
VisualStudioVersion = 16.0.30128.74
MinimumVisualStudioVersion = 10.0.40219.1
Project("{FAE04EC0-301F-11D3-BF4B-00C04F79EFBC}") = "Chat", "Chat\Chat.csproj", "{93F9A30A-167B-4D83-96CE-A522E62BAE5A}"
EndProject
Project("{FAE04EC0-301F-11D3-BF4B-00C04F79EFBC}") = "ChatServer", "ChatServer\ChatServer.csproj", "{1B86FA0F-58FF-4232-B8C3-FFDA7DAAA8CB}"
EndProject
Global
	GlobalSection(SolutionConfigurationPlatforms) = preSolution
		Debug|Any CPU = Debug|Any CPU
		Release|Any CPU = Release|Any CPU
	EndGlobalSection
	GlobalSection(ProjectConfigurationPlatforms) = postSolution
		{93F9A30A-167B-4D83-96CE-A522E62BAE5A}.Debug|Any CPU.ActiveCfg = Debug|Any CPU
		{93F9A30A-167B-4D83-96CE-A522E62BAE5A}.Debug|Any CPU.Build.0 = Debug|Any CPU
		{93F9A30A-167B-4D83-96CE-A522E62BAE5A}.Release|Any CPU.ActiveCfg = Release|Any CPU
		{93F9A30A-167B-4D83-96CE-A522E62BAE5A}.Release|Any CPU.Build.0 = Release|Any CPU
		{1B86FA0F-58FF-4232-B8C3-FFDA7DAAA8CB}.Debug|Any CPU.ActiveCfg = Debug|Any CPU
		{1B86FA0F-58FF-4232-B8C3-FFDA7DAAA8CB}.Debug|Any CPU.Build.0 = Debug|Any CPU
		{1B86FA0F-58FF-4232-B8C3-FFDA7DAAA8CB}.Release|Any CPU.ActiveCfg = Release|Any CPU
		{1B86FA0F-58FF-4232-B8C3-FFDA7DAAA8CB}.Release|Any CPU.Build.0 = Release|Any CPU
	EndGlobalSection
	GlobalSection(SolutionProperties) = preSolution
		HideSolutionNode = FALSE
	EndGlobalSection
	GlobalSection(ExtensibilityGlobals) = postSolution
		SolutionGuid = {6D4265FD-5BF9-434E-AFC9-04BFBCC63F4E}
	EndGlobalSection
EndGlobal
